lockfileVersion: '9.0'

settings:
  autoInstallPeers: true
  excludeLinksFromLockfile: false

importers:

  .:
    devDependencies:
      '@oletizi/mulder-claude-config':
        specifier: ^0.1.2
        version: 0.1.2
      '@oletizi/mulder-release':
        specifier: ^0.1.6
        version: 0.1.6

  modules/mulder-claude-config:
    dependencies:
      commander:
        specifier: ^12.0.0
        version: 12.1.0
    devDependencies:
      '@oletizi/mulder-release':
        specifier: ^0.1.6
        version: 0.1.6
      '@types/node':
        specifier: ^20.0.0
        version: 20.19.17
      typescript:
        specifier: ^5.0.0
        version: 5.9.2

  modules/mulder-release:
    dependencies:
      '@oletizi/mulder-release':
        specifier: ^0.1.6
        version: 0.1.6
      commander:
        specifier: ^12.0.0
        version: 12.1.0
      semver:
        specifier: ^7.0.0
        version: 7.7.2
    devDependencies:
      '@types/node':
        specifier: ^20.0.0
        version: 20.19.17
      '@types/semver':
        specifier: ^7.0.0
        version: 7.7.1
      typescript:
        specifier: ^5.0.0
        version: 5.9.2

packages:

  '@oletizi/mulder-claude-config@0.1.2':
    resolution: {integrity: sha512-hOxyFQevRXnSSB1IBRpp2fmRniNRTFqLoXydSnRHGf9aD9Krwa6Gx7WzqeiRysXNEQU9zxygM+FQXjyfQbnt+A==}
    hasBin: true

  '@oletizi/mulder-release@0.1.6':
    resolution: {integrity: sha512-ByPjMcOSIpMa3ZZtg+/f/lAXXJsc73fMJ1hoRWTk4wYe0/Be55cJIOVTvxx9PzTIwL9ssPCxtNpYsiMvhvs5ZA==}
    hasBin: true

  '@types/node@20.19.17':
    resolution: {integrity: sha512-gfehUI8N1z92kygssiuWvLiwcbOB3IRktR6hTDgJlXMYh5OvkPSRmgfoBUmfZt+vhwJtX7v1Yw4KvvAf7c5QKQ==}

  '@types/semver@7.7.1':
    resolution: {integrity: sha512-FmgJfu+MOcQ370SD0ev7EI8TlCAfKYU+B4m5T3yXc1CiRN94g/SZPtsCkk506aUDtlMnFZvasDwHHUcZUEaYuA==}

  commander@12.1.0:
    resolution: {integrity: sha512-Vw8qHK3bZM9y/P10u3Vib8o/DdkvA2OtPtZvD871QKjy74Wj1WSKFILMPRPSdUSx5RFK1arlJzEtA4PkFgnbuA==}
    engines: {node: '>=18'}

  semver@7.7.2:
    resolution: {integrity: sha512-RF0Fw+rO5AMf9MAyaRXI4AV0Ulj5lMHqVxxdSgiVbixSCXoEmmX/jk0CuJw4+3SqroYO9VoUh+HcuJivvtJemA==}
    engines: {node: '>=10'}
    hasBin: true

  typescript@5.9.2:
    resolution: {integrity: sha512-CWBzXQrc/qOkhidw1OzBTQuYRbfyxDXJMVJ1XNwUHGROVmuaeiEm3OslpZ1RV96d7SKKjZKrSJu3+t/xlw3R9A==}
    engines: {node: '>=14.17'}
    hasBin: true

  undici-types@6.21.0:
    resolution: {integrity: sha512-iwDZqg0QAGrg9Rav5H4n0M64c3mkR59cJ6wQp+7C4nI0gsmExaedaYLNO44eT4AtBBwjbTiGPMlt2Md0T9H9JQ==}

snapshots:

  '@oletizi/mulder-claude-config@0.1.2':
    dependencies:
      commander: 12.1.0

  '@oletizi/mulder-release@0.1.6':
    dependencies:
      commander: 12.1.0
      semver: 7.7.2

  '@types/node@20.19.17':
    dependencies:
      undici-types: 6.21.0

  '@types/semver@7.7.1': {}

  commander@12.1.0: {}

  semver@7.7.2: {}

  typescript@5.9.2: {}

  undici-types@6.21.0: {}
